// !$*UTF8*$!
{
	archiveVersion = 1;
	classes = {
	};
	objectVersion = 46;
	objects = {

/* Begin PBXBuildFile section */
		264FCEF21A85996D00841587 /* main.m in Sources */ = {isa = PBXBuildFile; fileRef = 264FCEF11A85996D00841587 /* main.m */; };
		264FCEF51A85996D00841587 /* AppDelegate.m in Sources */ = {isa = PBXBuildFile; fileRef = 264FCEF41A85996D00841587 /* AppDelegate.m */; };
		264FCEF81A85996D00841587 /* ViewController.m in Sources */ = {isa = PBXBuildFile; fileRef = 264FCEF71A85996D00841587 /* ViewController.m */; };
		264FCEFB1A85996D00841587 /* Main.storyboard in Resources */ = {isa = PBXBuildFile; fileRef = 264FCEF91A85996D00841587 /* Main.storyboard */; };
		264FCEFD1A85996D00841587 /* Images.xcassets in Resources */ = {isa = PBXBuildFile; fileRef = 264FCEFC1A85996D00841587 /* Images.xcassets */; };
		264FCF001A85996D00841587 /* LaunchScreen.xib in Resources */ = {isa = PBXBuildFile; fileRef = 264FCEFE1A85996D00841587 /* LaunchScreen.xib */; };
		264FCF0C1A85996D00841587 /* Oaxaca_PushTests.m in Sources */ = {isa = PBXBuildFile; fileRef = 264FCF0B1A85996D00841587 /* Oaxaca_PushTests.m */; };
		264FCF371A85B97800841587 /* NSDate+RFC1123.html in Resources */ = {isa = PBXBuildFile; fileRef = 264FCF1A1A85B97800841587 /* NSDate+RFC1123.html */; };
		264FCF381A85B97800841587 /* NSString+GTMNSStringHTMLAdditions.html in Resources */ = {isa = PBXBuildFile; fileRef = 264FCF1B1A85B97800841587 /* NSString+GTMNSStringHTMLAdditions.html */; };
		264FCF391A85B97800841587 /* PushNotificationManager.html in Resources */ = {isa = PBXBuildFile; fileRef = 264FCF1D1A85B97800841587 /* PushNotificationManager.html */; };
		264FCF3A1A85B97800841587 /* PWNetworkEngine.html in Resources */ = {isa = PBXBuildFile; fileRef = 264FCF1E1A85B97800841587 /* PWNetworkEngine.html */; };
		264FCF3B1A85B97800841587 /* PWNetworkOperation.html in Resources */ = {isa = PBXBuildFile; fileRef = 264FCF1F1A85B97800841587 /* PWNetworkOperation.html */; };
		264FCF3C1A85B97800841587 /* PWReachability.html in Resources */ = {isa = PBXBuildFile; fileRef = 264FCF201A85B97800841587 /* PWReachability.html */; };
		264FCF3D1A85B97800841587 /* PWTags.html in Resources */ = {isa = PBXBuildFile; fileRef = 264FCF211A85B97800841587 /* PWTags.html */; };
		264FCF3E1A85B97800841587 /* PWBeaconAction.html in Resources */ = {isa = PBXBuildFile; fileRef = 264FCF231A85B97800841587 /* PWBeaconAction.html */; };
		264FCF3F1A85B97800841587 /* PWSupportedOrientations.html in Resources */ = {isa = PBXBuildFile; fileRef = 264FCF241A85B97800841587 /* PWSupportedOrientations.html */; };
		264FCF401A85B97800841587 /* styles.css in Resources */ = {isa = PBXBuildFile; fileRef = 264FCF261A85B97800841587 /* styles.css */; };
		264FCF411A85B97800841587 /* stylesPrint.css in Resources */ = {isa = PBXBuildFile; fileRef = 264FCF271A85B97800841587 /* stylesPrint.css */; };
		264FCF421A85B97800841587 /* hierarchy.html in Resources */ = {isa = PBXBuildFile; fileRef = 264FCF281A85B97800841587 /* hierarchy.html */; };
		264FCF431A85B97800841587 /* button_bar_background.png in Resources */ = {isa = PBXBuildFile; fileRef = 264FCF2A1A85B97800841587 /* button_bar_background.png */; };
		264FCF441A85B97800841587 /* disclosure.png in Resources */ = {isa = PBXBuildFile; fileRef = 264FCF2B1A85B97800841587 /* disclosure.png */; };
		264FCF451A85B97800841587 /* disclosure_open.png in Resources */ = {isa = PBXBuildFile; fileRef = 264FCF2C1A85B97800841587 /* disclosure_open.png */; };
		264FCF461A85B97800841587 /* library_background.png in Resources */ = {isa = PBXBuildFile; fileRef = 264FCF2D1A85B97800841587 /* library_background.png */; };
		264FCF471A85B97800841587 /* title_background.png in Resources */ = {isa = PBXBuildFile; fileRef = 264FCF2E1A85B97800841587 /* title_background.png */; };
		264FCF481A85B97800841587 /* index.html in Resources */ = {isa = PBXBuildFile; fileRef = 264FCF2F1A85B97800841587 /* index.html */; };
		264FCF491A85B97800841587 /* PushNotificationDelegate.html in Resources */ = {isa = PBXBuildFile; fileRef = 264FCF311A85B97800841587 /* PushNotificationDelegate.html */; };
		264FCF4A1A85B97800841587 /* Pushwoosh.framework in Frameworks */ = {isa = PBXBuildFile; fileRef = 264FCF331A85B97800841587 /* Pushwoosh.framework */; };
		264FCF4B1A85B97800841587 /* LICENSE in Resources */ = {isa = PBXBuildFile; fileRef = 264FCF341A85B97800841587 /* LICENSE */; };
		264FCF4C1A85B97800841587 /* README.md in Sources */ = {isa = PBXBuildFile; fileRef = 264FCF351A85B97800841587 /* README.md */; };
		264FCF4D1A85B97800841587 /* VERSION.md in Sources */ = {isa = PBXBuildFile; fileRef = 264FCF361A85B97800841587 /* VERSION.md */; };
		264FCF4F1A85BB3600841587 /* MobileCoreServices.framework in Frameworks */ = {isa = PBXBuildFile; fileRef = 264FCF4E1A85BB3600841587 /* MobileCoreServices.framework */; };
/* End PBXBuildFile section */

/* Begin PBXContainerItemProxy section */
		264FCF061A85996D00841587 /* PBXContainerItemProxy */ = {
			isa = PBXContainerItemProxy;
			containerPortal = 264FCEE41A85996D00841587 /* Project object */;
			proxyType = 1;
			remoteGlobalIDString = 264FCEEB1A85996D00841587;
			remoteInfo = "Oaxaca-Push";
		};
/* End PBXContainerItemProxy section */

/* Begin PBXFileReference section */
		264FCEEC1A85996D00841587 /* Oaxaca-Push.app */ = {isa = PBXFileReference; explicitFileType = wrapper.application; includeInIndex = 0; path = "Oaxaca-Push.app"; sourceTree = BUILT_PRODUCTS_DIR; };
		264FCEF01A85996D00841587 /* Info.plist */ = {isa = PBXFileReference; lastKnownFileType = text.plist.xml; path = Info.plist; sourceTree = "<group>"; };
		264FCEF11A85996D00841587 /* main.m */ = {isa = PBXFileReference; lastKnownFileType = sourcecode.c.objc; path = main.m; sourceTree = "<group>"; };
		264FCEF31A85996D00841587 /* AppDelegate.h */ = {isa = PBXFileReference; lastKnownFileType = sourcecode.c.h; path = AppDelegate.h; sourceTree = "<group>"; };
		264FCEF41A85996D00841587 /* AppDelegate.m */ = {isa = PBXFileReference; lastKnownFileType = sourcecode.c.objc; path = AppDelegate.m; sourceTree = "<group>"; };
		264FCEF61A85996D00841587 /* ViewController.h */ = {isa = PBXFileReference; lastKnownFileType = sourcecode.c.h; path = ViewController.h; sourceTree = "<group>"; };
		264FCEF71A85996D00841587 /* ViewController.m */ = {isa = PBXFileReference; lastKnownFileType = sourcecode.c.objc; path = ViewController.m; sourceTree = "<group>"; };
		264FCEFA1A85996D00841587 /* Base */ = {isa = PBXFileReference; lastKnownFileType = file.storyboard; name = Base; path = Base.lproj/Main.storyboard; sourceTree = "<group>"; };
		264FCEFC1A85996D00841587 /* Images.xcassets */ = {isa = PBXFileReference; lastKnownFileType = folder.assetcatalog; path = Images.xcassets; sourceTree = "<group>"; };
		264FCEFF1A85996D00841587 /* Base */ = {isa = PBXFileReference; lastKnownFileType = file.xib; name = Base; path = Base.lproj/LaunchScreen.xib; sourceTree = "<group>"; };
		264FCF051A85996D00841587 /* Oaxaca-PushTests.xctest */ = {isa = PBXFileReference; explicitFileType = wrapper.cfbundle; includeInIndex = 0; path = "Oaxaca-PushTests.xctest"; sourceTree = BUILT_PRODUCTS_DIR; };
		264FCF0A1A85996D00841587 /* Info.plist */ = {isa = PBXFileReference; lastKnownFileType = text.plist.xml; path = Info.plist; sourceTree = "<group>"; };
		264FCF0B1A85996D00841587 /* Oaxaca_PushTests.m */ = {isa = PBXFileReference; lastKnownFileType = sourcecode.c.objc; path = Oaxaca_PushTests.m; sourceTree = "<group>"; };
		264FCF1A1A85B97800841587 /* NSDate+RFC1123.html */ = {isa = PBXFileReference; fileEncoding = 4; lastKnownFileType = text.html.documentation; path = "NSDate+RFC1123.html"; sourceTree = "<group>"; };
		264FCF1B1A85B97800841587 /* NSString+GTMNSStringHTMLAdditions.html */ = {isa = PBXFileReference; fileEncoding = 4; lastKnownFileType = text.html.documentation; path = "NSString+GTMNSStringHTMLAdditions.html"; sourceTree = "<group>"; };
		264FCF1D1A85B97800841587 /* PushNotificationManager.html */ = {isa = PBXFileReference; fileEncoding = 4; lastKnownFileType = text.html.documentation; path = PushNotificationManager.html; sourceTree = "<group>"; };
		264FCF1E1A85B97800841587 /* PWNetworkEngine.html */ = {isa = PBXFileReference; fileEncoding = 4; lastKnownFileType = text.html.documentation; path = PWNetworkEngine.html; sourceTree = "<group>"; };
		264FCF1F1A85B97800841587 /* PWNetworkOperation.html */ = {isa = PBXFileReference; fileEncoding = 4; lastKnownFileType = text.html.documentation; path = PWNetworkOperation.html; sourceTree = "<group>"; };
		264FCF201A85B97800841587 /* PWReachability.html */ = {isa = PBXFileReference; fileEncoding = 4; lastKnownFileType = text.html.documentation; path = PWReachability.html; sourceTree = "<group>"; };
		264FCF211A85B97800841587 /* PWTags.html */ = {isa = PBXFileReference; fileEncoding = 4; lastKnownFileType = text.html.documentation; path = PWTags.html; sourceTree = "<group>"; };
		264FCF231A85B97800841587 /* PWBeaconAction.html */ = {isa = PBXFileReference; fileEncoding = 4; lastKnownFileType = text.html.documentation; path = PWBeaconAction.html; sourceTree = "<group>"; };
		264FCF241A85B97800841587 /* PWSupportedOrientations.html */ = {isa = PBXFileReference; fileEncoding = 4; lastKnownFileType = text.html.documentation; path = PWSupportedOrientations.html; sourceTree = "<group>"; };
		264FCF261A85B97800841587 /* styles.css */ = {isa = PBXFileReference; fileEncoding = 4; lastKnownFileType = text.css; path = styles.css; sourceTree = "<group>"; };
		264FCF271A85B97800841587 /* stylesPrint.css */ = {isa = PBXFileReference; fileEncoding = 4; lastKnownFileType = text.css; path = stylesPrint.css; sourceTree = "<group>"; };
		264FCF281A85B97800841587 /* hierarchy.html */ = {isa = PBXFileReference; fileEncoding = 4; lastKnownFileType = text.html.documentation; path = hierarchy.html; sourceTree = "<group>"; };
		264FCF2A1A85B97800841587 /* button_bar_background.png */ = {isa = PBXFileReference; lastKnownFileType = image.png; path = button_bar_background.png; sourceTree = "<group>"; };
		264FCF2B1A85B97800841587 /* disclosure.png */ = {isa = PBXFileReference; lastKnownFileType = image.png; path = disclosure.png; sourceTree = "<group>"; };
		264FCF2C1A85B97800841587 /* disclosure_open.png */ = {isa = PBXFileReference; lastKnownFileType = image.png; path = disclosure_open.png; sourceTree = "<group>"; };
		264FCF2D1A85B97800841587 /* library_background.png */ = {isa = PBXFileReference; lastKnownFileType = image.png; path = library_background.png; sourceTree = "<group>"; };
		264FCF2E1A85B97800841587 /* title_background.png */ = {isa = PBXFileReference; lastKnownFileType = image.png; path = title_background.png; sourceTree = "<group>"; };
		264FCF2F1A85B97800841587 /* index.html */ = {isa = PBXFileReference; fileEncoding = 4; lastKnownFileType = text.html.documentation; path = index.html; sourceTree = "<group>"; };
		264FCF311A85B97800841587 /* PushNotificationDelegate.html */ = {isa = PBXFileReference; fileEncoding = 4; lastKnownFileType = text.html.documentation; path = PushNotificationDelegate.html; sourceTree = "<group>"; };
		264FCF331A85B97800841587 /* Pushwoosh.framework */ = {isa = PBXFileReference; lastKnownFileType = wrapper.framework; path = Pushwoosh.framework; sourceTree = "<group>"; };
		264FCF341A85B97800841587 /* LICENSE */ = {isa = PBXFileReference; fileEncoding = 4; lastKnownFileType = text; path = LICENSE; sourceTree = "<group>"; };
		264FCF351A85B97800841587 /* README.md */ = {isa = PBXFileReference; fileEncoding = 4; lastKnownFileType = net.daringfireball.markdown; path = README.md; sourceTree = "<group>"; };
		264FCF361A85B97800841587 /* VERSION.md */ = {isa = PBXFileReference; fileEncoding = 4; lastKnownFileType = net.daringfireball.markdown; path = VERSION.md; sourceTree = "<group>"; };
		264FCF4E1A85BB3600841587 /* MobileCoreServices.framework */ = {isa = PBXFileReference; lastKnownFileType = wrapper.framework; name = MobileCoreServices.framework; path = System/Library/Frameworks/MobileCoreServices.framework; sourceTree = SDKROOT; };
/* End PBXFileReference section */

/* Begin PBXFrameworksBuildPhase section */
		264FCEE91A85996D00841587 /* Frameworks */ = {
			isa = PBXFrameworksBuildPhase;
			buildActionMask = 2147483647;
			files = (
				264FCF4F1A85BB3600841587 /* MobileCoreServices.framework in Frameworks */,
				264FCF4A1A85B97800841587 /* Pushwoosh.framework in Frameworks */,
			);
			runOnlyForDeploymentPostprocessing = 0;
		};
		264FCF021A85996D00841587 /* Frameworks */ = {
			isa = PBXFrameworksBuildPhase;
			buildActionMask = 2147483647;
			files = (
			);
			runOnlyForDeploymentPostprocessing = 0;
		};
/* End PBXFrameworksBuildPhase section */

/* Begin PBXGroup section */
		264FCEE31A85996D00841587 = {
			isa = PBXGroup;
			children = (
				264FCF4E1A85BB3600841587 /* MobileCoreServices.framework */,
				264FCF171A85B97800841587 /* pushwoosh-ios-sdk-master */,
				264FCEEE1A85996D00841587 /* Oaxaca-Push */,
				264FCF081A85996D00841587 /* Oaxaca-PushTests */,
				264FCEED1A85996D00841587 /* Products */,
			);
			sourceTree = "<group>";
		};
		264FCEED1A85996D00841587 /* Products */ = {
			isa = PBXGroup;
			children = (
				264FCEEC1A85996D00841587 /* Oaxaca-Push.app */,
				264FCF051A85996D00841587 /* Oaxaca-PushTests.xctest */,
			);
			name = Products;
			sourceTree = "<group>";
		};
		264FCEEE1A85996D00841587 /* Oaxaca-Push */ = {
			isa = PBXGroup;
			children = (
				264FCEF31A85996D00841587 /* AppDelegate.h */,
				264FCEF41A85996D00841587 /* AppDelegate.m */,
				264FCEF61A85996D00841587 /* ViewController.h */,
				264FCEF71A85996D00841587 /* ViewController.m */,
				264FCEF91A85996D00841587 /* Main.storyboard */,
				264FCEFC1A85996D00841587 /* Images.xcassets */,
				264FCEFE1A85996D00841587 /* LaunchScreen.xib */,
				264FCEEF1A85996D00841587 /* Supporting Files */,
			);
			path = "Oaxaca-Push";
			sourceTree = "<group>";
		};
		264FCEEF1A85996D00841587 /* Supporting Files */ = {
			isa = PBXGroup;
			children = (
				264FCEF01A85996D00841587 /* Info.plist */,
				264FCEF11A85996D00841587 /* main.m */,
			);
			name = "Supporting Files";
			sourceTree = "<group>";
		};
		264FCF081A85996D00841587 /* Oaxaca-PushTests */ = {
			isa = PBXGroup;
			children = (
				264FCF0B1A85996D00841587 /* Oaxaca_PushTests.m */,
				264FCF091A85996D00841587 /* Supporting Files */,
			);
			path = "Oaxaca-PushTests";
			sourceTree = "<group>";
		};
		264FCF091A85996D00841587 /* Supporting Files */ = {
			isa = PBXGroup;
			children = (
				264FCF0A1A85996D00841587 /* Info.plist */,
			);
			name = "Supporting Files";
			sourceTree = "<group>";
		};
		264FCF171A85B97800841587 /* pushwoosh-ios-sdk-master */ = {
			isa = PBXGroup;
			children = (
				264FCF181A85B97800841587 /* Documentation */,
				264FCF321A85B97800841587 /* Framework */,
				264FCF341A85B97800841587 /* LICENSE */,
				264FCF351A85B97800841587 /* README.md */,
				264FCF361A85B97800841587 /* VERSION.md */,
			);
			path = "pushwoosh-ios-sdk-master";
			sourceTree = "<group>";
		};
		264FCF181A85B97800841587 /* Documentation */ = {
			isa = PBXGroup;
			children = (
				264FCF191A85B97800841587 /* Categories */,
				264FCF1C1A85B97800841587 /* Classes */,
				264FCF221A85B97800841587 /* Constants */,
				264FCF251A85B97800841587 /* css */,
				264FCF281A85B97800841587 /* hierarchy.html */,
				264FCF291A85B97800841587 /* img */,
				264FCF2F1A85B97800841587 /* index.html */,
				264FCF301A85B97800841587 /* Protocols */,
			);
			path = Documentation;
			sourceTree = "<group>";
		};
		264FCF191A85B97800841587 /* Categories */ = {
			isa = PBXGroup;
			children = (
				264FCF1A1A85B97800841587 /* NSDate+RFC1123.html */,
				264FCF1B1A85B97800841587 /* NSString+GTMNSStringHTMLAdditions.html */,
			);
			path = Categories;
			sourceTree = "<group>";
		};
		264FCF1C1A85B97800841587 /* Classes */ = {
			isa = PBXGroup;
			children = (
				264FCF1D1A85B97800841587 /* PushNotificationManager.html */,
				264FCF1E1A85B97800841587 /* PWNetworkEngine.html */,
				264FCF1F1A85B97800841587 /* PWNetworkOperation.html */,
				264FCF201A85B97800841587 /* PWReachability.html */,
				264FCF211A85B97800841587 /* PWTags.html */,
			);
			path = Classes;
			sourceTree = "<group>";
		};
		264FCF221A85B97800841587 /* Constants */ = {
			isa = PBXGroup;
			children = (
				264FCF231A85B97800841587 /* PWBeaconAction.html */,
				264FCF241A85B97800841587 /* PWSupportedOrientations.html */,
			);
			path = Constants;
			sourceTree = "<group>";
		};
		264FCF251A85B97800841587 /* css */ = {
			isa = PBXGroup;
			children = (
				264FCF261A85B97800841587 /* styles.css */,
				264FCF271A85B97800841587 /* stylesPrint.css */,
			);
			path = css;
			sourceTree = "<group>";
		};
		264FCF291A85B97800841587 /* img */ = {
			isa = PBXGroup;
			children = (
				264FCF2A1A85B97800841587 /* button_bar_background.png */,
				264FCF2B1A85B97800841587 /* disclosure.png */,
				264FCF2C1A85B97800841587 /* disclosure_open.png */,
				264FCF2D1A85B97800841587 /* library_background.png */,
				264FCF2E1A85B97800841587 /* title_background.png */,
			);
			path = img;
			sourceTree = "<group>";
		};
		264FCF301A85B97800841587 /* Protocols */ = {
			isa = PBXGroup;
			children = (
				264FCF311A85B97800841587 /* PushNotificationDelegate.html */,
			);
			path = Protocols;
			sourceTree = "<group>";
		};
		264FCF321A85B97800841587 /* Framework */ = {
			isa = PBXGroup;
			children = (
				264FCF331A85B97800841587 /* Pushwoosh.framework */,
			);
			path = Framework;
			sourceTree = "<group>";
		};
/* End PBXGroup section */

/* Begin PBXNativeTarget section */
		264FCEEB1A85996D00841587 /* Oaxaca-Push */ = {
			isa = PBXNativeTarget;
			buildConfigurationList = 264FCF0F1A85996D00841587 /* Build configuration list for PBXNativeTarget "Oaxaca-Push" */;
			buildPhases = (
				264FCEE81A85996D00841587 /* Sources */,
				264FCEE91A85996D00841587 /* Frameworks */,
				264FCEEA1A85996D00841587 /* Resources */,
			);
			buildRules = (
			);
			dependencies = (
			);
			name = "Oaxaca-Push";
			productName = "Oaxaca-Push";
			productReference = 264FCEEC1A85996D00841587 /* Oaxaca-Push.app */;
			productType = "com.apple.product-type.application";
		};
		264FCF041A85996D00841587 /* Oaxaca-PushTests */ = {
			isa = PBXNativeTarget;
			buildConfigurationList = 264FCF121A85996D00841587 /* Build configuration list for PBXNativeTarget "Oaxaca-PushTests" */;
			buildPhases = (
				264FCF011A85996D00841587 /* Sources */,
				264FCF021A85996D00841587 /* Frameworks */,
				264FCF031A85996D00841587 /* Resources */,
			);
			buildRules = (
			);
			dependencies = (
				264FCF071A85996D00841587 /* PBXTargetDependency */,
			);
			name = "Oaxaca-PushTests";
			productName = "Oaxaca-PushTests";
			productReference = 264FCF051A85996D00841587 /* Oaxaca-PushTests.xctest */;
			productType = "com.apple.product-type.bundle.unit-test";
		};
/* End PBXNativeTarget section */

/* Begin PBXProject section */
		264FCEE41A85996D00841587 /* Project object */ = {
			isa = PBXProject;
			attributes = {
				LastUpgradeCheck = 0610;
				ORGANIZATIONNAME = "Elizabeth Martínez Gómez";
				TargetAttributes = {
					264FCEEB1A85996D00841587 = {
						CreatedOnToolsVersion = 6.1.1;
					};
					264FCF041A85996D00841587 = {
						CreatedOnToolsVersion = 6.1.1;
						TestTargetID = 264FCEEB1A85996D00841587;
					};
				};
			};
			buildConfigurationList = 264FCEE71A85996D00841587 /* Build configuration list for PBXProject "Oaxaca-Push" */;
			compatibilityVersion = "Xcode 3.2";
			developmentRegion = English;
			hasScannedForEncodings = 0;
			knownRegions = (
				en,
				Base,
			);
			mainGroup = 264FCEE31A85996D00841587;
			productRefGroup = 264FCEED1A85996D00841587 /* Products */;
			projectDirPath = "";
			projectRoot = "";
			targets = (
				264FCEEB1A85996D00841587 /* Oaxaca-Push */,
				264FCF041A85996D00841587 /* Oaxaca-PushTests */,
			);
		};
/* End PBXProject section */

/* Begin PBXResourcesBuildPhase section */
		264FCEEA1A85996D00841587 /* Resources */ = {
			isa = PBXResourcesBuildPhase;
			buildActionMask = 2147483647;
			files = (
				264FCF481A85B97800841587 /* index.html in Resources */,
				264FCF3A1A85B97800841587 /* PWNetworkEngine.html in Resources */,
				264FCF461A85B97800841587 /* library_background.png in Resources */,
				264FCF3E1A85B97800841587 /* PWBeaconAction.html in Resources */,
				264FCEFB1A85996D00841587 /* Main.storyboard in Resources */,
				264FCF411A85B97800841587 /* stylesPrint.css in Resources */,
				264FCF491A85B97800841587 /* PushNotificationDelegate.html in Resources */,
				264FCF451A85B97800841587 /* disclosure_open.png in Resources */,
				264FCF3F1A85B97800841587 /* PWSupportedOrientations.html in Resources */,
				264FCF401A85B97800841587 /* styles.css in Resources */,
				264FCF441A85B97800841587 /* disclosure.png in Resources */,
				264FCF3D1A85B97800841587 /* PWTags.html in Resources */,
				264FCF001A85996D00841587 /* LaunchScreen.xib in Resources */,
				264FCF4B1A85B97800841587 /* LICENSE in Resources */,
				264FCF381A85B97800841587 /* NSString+GTMNSStringHTMLAdditions.html in Resources */,
				264FCF3C1A85B97800841587 /* PWReachability.html in Resources */,
				264FCF3B1A85B97800841587 /* PWNetworkOperation.html in Resources */,
				264FCF431A85B97800841587 /* button_bar_background.png in Resources */,
				264FCF371A85B97800841587 /* NSDate+RFC1123.html in Resources */,
				264FCF471A85B97800841587 /* title_background.png in Resources */,
				264FCEFD1A85996D00841587 /* Images.xcassets in Resources */,
				264FCF421A85B97800841587 /* hierarchy.html in Resources */,
				264FCF391A85B97800841587 /* PushNotificationManager.html in Resources */,
			);
			runOnlyForDeploymentPostprocessing = 0;
		};
		264FCF031A85996D00841587 /* Resources */ = {
			isa = PBXResourcesBuildPhase;
			buildActionMask = 2147483647;
			files = (
			);
			runOnlyForDeploymentPostprocessing = 0;
		};
/* End PBXResourcesBuildPhase section */

/* Begin PBXSourcesBuildPhase section */
		264FCEE81A85996D00841587 /* Sources */ = {
			isa = PBXSourcesBuildPhase;
			buildActionMask = 2147483647;
			files = (
				264FCEF81A85996D00841587 /* ViewController.m in Sources */,
				264FCEF51A85996D00841587 /* AppDelegate.m in Sources */,
				264FCF4D1A85B97800841587 /* VERSION.md in Sources */,
				264FCF4C1A85B97800841587 /* README.md in Sources */,
				264FCEF21A85996D00841587 /* main.m in Sources */,
			);
			runOnlyForDeploymentPostprocessing = 0;
		};
		264FCF011A85996D00841587 /* Sources */ = {
			isa = PBXSourcesBuildPhase;
			buildActionMask = 2147483647;
			files = (
				264FCF0C1A85996D00841587 /* Oaxaca_PushTests.m in Sources */,
			);
			runOnlyForDeploymentPostprocessing = 0;
		};
/* End PBXSourcesBuildPhase section */

/* Begin PBXTargetDependency section */
		264FCF071A85996D00841587 /* PBXTargetDependency */ = {
			isa = PBXTargetDependency;
			target = 264FCEEB1A85996D00841587 /* Oaxaca-Push */;
			targetProxy = 264FCF061A85996D00841587 /* PBXContainerItemProxy */;
		};
/* End PBXTargetDependency section */

/* Begin PBXVariantGroup section */
		264FCEF91A85996D00841587 /* Main.storyboard */ = {
			isa = PBXVariantGroup;
			children = (
				264FCEFA1A85996D00841587 /* Base */,
			);
			name = Main.storyboard;
			sourceTree = "<group>";
		};
		264FCEFE1A85996D00841587 /* LaunchScreen.xib */ = {
			isa = PBXVariantGroup;
			children = (
				264FCEFF1A85996D00841587 /* Base */,
			);
			name = LaunchScreen.xib;
			sourceTree = "<group>";
		};
/* End PBXVariantGroup section */

/* Begin XCBuildConfiguration section */
		264FCF0D1A85996D00841587 /* Debug */ = {
			isa = XCBuildConfiguration;
			buildSettings = {
				ALWAYS_SEARCH_USER_PATHS = NO;
				CLANG_CXX_LANGUAGE_STANDARD = "gnu++0x";
				CLANG_CXX_LIBRARY = "libc++";
				CLANG_ENABLE_MODULES = YES;
				CLANG_ENABLE_OBJC_ARC = YES;
				CLANG_WARN_BOOL_CONVERSION = YES;
				CLANG_WARN_CONSTANT_CONVERSION = YES;
				CLANG_WARN_DIRECT_OBJC_ISA_USAGE = YES_ERROR;
				CLANG_WARN_EMPTY_BODY = YES;
				CLANG_WARN_ENUM_CONVERSION = YES;
				CLANG_WARN_INT_CONVERSION = YES;
				CLANG_WARN_OBJC_ROOT_CLASS = YES_ERROR;
				CLANG_WARN_UNREACHABLE_CODE = YES;
				CLANG_WARN__DUPLICATE_METHOD_MATCH = YES;
				"CODE_SIGN_IDENTITY[sdk=iphoneos*]" = "iPhone Developer";
				COPY_PHASE_STRIP = NO;
				ENABLE_STRICT_OBJC_MSGSEND = YES;
				GCC_C_LANGUAGE_STANDARD = gnu99;
				GCC_DYNAMIC_NO_PIC = NO;
				GCC_OPTIMIZATION_LEVEL = 0;
				GCC_PREPROCESSOR_DEFINITIONS = (
					"DEBUG=1",
					"$(inherited)",
				);
				GCC_SYMBOLS_PRIVATE_EXTERN = NO;
				GCC_WARN_64_TO_32_BIT_CONVERSION = YES;
				GCC_WARN_ABOUT_RETURN_TYPE = YES_ERROR;
				GCC_WARN_UNDECLARED_SELECTOR = YES;
				GCC_WARN_UNINITIALIZED_AUTOS = YES_AGGRESSIVE;
				GCC_WARN_UNUSED_FUNCTION = YES;
				GCC_WARN_UNUSED_VARIABLE = YES;
				IPHONEOS_DEPLOYMENT_TARGET = 8.1;
				MTL_ENABLE_DEBUG_INFO = YES;
				ONLY_ACTIVE_ARCH = YES;
				SDKROOT = iphoneos;
			};
			name = Debug;
		};
		264FCF0E1A85996D00841587 /* Release */ = {
			isa = XCBuildConfiguration;
			buildSettings = {
				ALWAYS_SEARCH_USER_PATHS = NO;
				CLANG_CXX_LANGUAGE_STANDARD = "gnu++0x";
				CLANG_CXX_LIBRARY = "libc++";
				CLANG_ENABLE_MODULES = YES;
				CLANG_ENABLE_OBJC_ARC = YES;
				CLANG_WARN_BOOL_CONVERSION = YES;
				CLANG_WARN_CONSTANT_CONVERSION = YES;
				CLANG_WARN_DIRECT_OBJC_ISA_USAGE = YES_ERROR;
				CLANG_WARN_EMPTY_BODY = YES;
				CLANG_WARN_ENUM_CONVERSION = YES;
				CLANG_WARN_INT_CONVERSION = YES;
				CLANG_WARN_OBJC_ROOT_CLASS = YES_ERROR;
				CLANG_WARN_UNREACHABLE_CODE = YES;
				CLANG_WARN__DUPLICATE_METHOD_MATCH = YES;
				"CODE_SIGN_IDENTITY[sdk=iphoneos*]" = "iPhone Developer";
				COPY_PHASE_STRIP = YES;
				ENABLE_NS_ASSERTIONS = NO;
				ENABLE_STRICT_OBJC_MSGSEND = YES;
				GCC_C_LANGUAGE_STANDARD = gnu99;
				GCC_WARN_64_TO_32_BIT_CONVERSION = YES;
				GCC_WARN_ABOUT_RETURN_TYPE = YES_ERROR;
				GCC_WARN_UNDECLARED_SELECTOR = YES;
				GCC_WARN_UNINITIALIZED_AUTOS = YES_AGGRESSIVE;
				GCC_WARN_UNUSED_FUNCTION = YES;
				GCC_WARN_UNUSED_VARIABLE = YES;
				IPHONEOS_DEPLOYMENT_TARGET = 8.1;
				MTL_ENABLE_DEBUG_INFO = NO;
				SDKROOT = iphoneos;
				VALIDATE_PRODUCT = YES;
			};
			name = Release;
		};
		264FCF101A85996D00841587 /* Debug */ = {
			isa = XCBuildConfiguration;
			buildSettings = {
				ASSETCATALOG_COMPILER_APPICON_NAME = AppIcon;
				FRAMEWORK_SEARCH_PATHS = (
					"$(inherited)",
					"$(PROJECT_DIR)/pushwoosh-ios-sdk-master/Framework",
				);
				INFOPLIST_FILE = "Oaxaca-Push/Info.plist";
				LD_RUNPATH_SEARCH_PATHS = "$(inherited) @executable_path/Frameworks";
				OTHER_LDFLAGS = "-ObjC";
				PRODUCT_NAME = "$(TARGET_NAME)";
				PROVISIONING_PROFILE = "02dc0397-005a-4b47-9545-2e0ee40cab63";
			};
			name = Debug;
		};
		264FCF111A85996D00841587 /* Release */ = {
			isa = XCBuildConfiguration;
			buildSettings = {
				ASSETCATALOG_COMPILER_APPICON_NAME = AppIcon;
				FRAMEWORK_SEARCH_PATHS = (
					"$(inherited)",
					"$(PROJECT_DIR)/pushwoosh-ios-sdk-master/Framework",
				);
				INFOPLIST_FILE = "Oaxaca-Push/Info.plist";
				LD_RUNPATH_SEARCH_PATHS = "$(inherited) @executable_path/Frameworks";
				OTHER_LDFLAGS = "-ObjC";
				PRODUCT_NAME = "$(TARGET_NAME)";
				PROVISIONING_PROFILE = "02dc0397-005a-4b47-9545-2e0ee40cab63";
			};
			name = Release;
		};
		264FCF131A85996D00841587 /* Debug */ = {
			isa = XCBuildConfiguration;
			buildSettings = {
				BUNDLE_LOADER = "$(TEST_HOST)";
				FRAMEWORK_SEARCH_PATHS = (
					"$(SDKROOT)/Developer/Library/Frameworks",
					"$(inherited)",
				);
				GCC_PREPROCESSOR_DEFINITIONS = (
					"DEBUG=1",
					"$(inherited)",
				);
				INFOPLIST_FILE = "Oaxaca-PushTests/Info.plist";
				LD_RUNPATH_SEARCH_PATHS = "$(inherited) @executable_path/Frameworks @loader_path/Frameworks";
				PRODUCT_NAME = "$(TARGET_NAME)";
				TEST_HOST = "$(BUILT_PRODUCTS_DIR)/Oaxaca-Push.app/Oaxaca-Push";
			};
			name = Debug;
		};
		264FCF141A85996D00841587 /* Release */ = {
			isa = XCBuildConfiguration;
			buildSettings = {
				BUNDLE_LOADER = "$(TEST_HOST)";
				FRAMEWORK_SEARCH_PATHS = (
					"$(SDKROOT)/Developer/Library/Frameworks",
					"$(inherited)",
				);
				INFOPLIST_FILE = "Oaxaca-PushTests/Info.plist";
				LD_RUNPATH_SEARCH_PATHS = "$(inherited) @executable_path/Frameworks @loader_path/Frameworks";
				PRODUCT_NAME = "$(TARGET_NAME)";
				TEST_HOST = "$(BUILT_PRODUCTS_DIR)/Oaxaca-Push.app/Oaxaca-Push";
			};
			name = Release;
		};
/* End XCBuildConfiguration section */

/* Begin XCConfigurationList section */
		264FCEE71A85996D00841587 /* Build configuration list for PBXProject "Oaxaca-Push" */ = {
			isa = XCConfigurationList;
			buildConfigurations = (
				264FCF0D1A85996D00841587 /* Debug */,
				264FCF0E1A85996D00841587 /* Release */,
			);
			defaultConfigurationIsVisible = 0;
			defaultConfigurationName = Release;
		};
		264FCF0F1A85996D00841587 /* Build configuration list for PBXNativeTarget "Oaxaca-Push" */ = {
			isa = XCConfigurationList;
			buildConfigurations = (
				264FCF101A85996D00841587 /* Debug */,
				264FCF111A85996D00841587 /* Release */,
			);
			defaultConfigurationIsVisible = 0;
			defaultConfigurationName = Release;
		};
		264FCF121A85996D00841587 /* Build configuration list for PBXNativeTarget "Oaxaca-PushTests" */ = {
			isa = XCConfigurationList;
			buildConfigurations = (
				264FCF131A85996D00841587 /* Debug */,
				264FCF141A85996D00841587 /* Release */,
			);
			defaultConfigurationIsVisible = 0;
			defaultConfigurationName = Release;
		};
/* End XCConfigurationList section */
	};
	rootObject = 264FCEE41A85996D00841587 /* Project object */;
}
